{
  "name": "eip2018",
  "version": "1.0.0",
  "lockfileVersion": 1,
  "requires": true,
  "dependencies": {
    "eip1996": {
      "version": "1.0.3",
      "resolved": "https://registry.npmjs.org/eip1996/-/eip1996-1.0.3.tgz",
      "integrity": "sha512-XDKRwdUNpm1FiM3s0AattDCAh2CLTWM03b58byrKZH6HtGpVrNC9nfB9NuSZDsfcOFogM2Nx5cmbzeUFHZNrxw==",
      "requires": {
        "openzeppelin-solidity": "^2.3.0"
      }
    },
    "openzeppelin-solidity": {
      "version": "2.3.0",
      "resolved": "https://registry.npmjs.org/openzeppelin-solidity/-/openzeppelin-solidity-2.3.0.tgz",
      "integrity": "sha512-QYeiPLvB1oSbDt6lDQvvpx7k8ODczvE474hb2kLXZBPKMsxKT1WxTCHBYrCU7kS7hfAku4DcJ0jqOyL+jvjwQw=="
    }
  }
}
